
Microsoft Visual Studio Solution File, Format Version 12.00
# Visual Studio Version 17
VisualStudioVersion = 17.7.34024.191
MinimumVisualStudioVersion = 10.0.40219.1
Project("{9A19103F-16F7-4668-BE54-9A1E7A4F7556}") = "Character.WebScraper", "Character.WebScraper\Character.WebScraper.csproj", "{D3981C73-CD63-4761-9ECE-42094B0C6890}"
EndProject
Project("{9A19103F-16F7-4668-BE54-9A1E7A4F7556}") = "Character.WebScraper.Tests", "Character.WebScraper.Tests\Character.WebScraper.Tests.csproj", "{40B7C162-1081-4E13-A264-E4E5438DB10A}"
EndProject
Project("{FAE04EC0-301F-11D3-BF4B-00C04F79EFBC}") = "Character.WebScraper.Shared", "Character.WebScraper.Shared\Character.WebScraper.Shared.csproj", "{B22DE2A8-9039-4181-A939-DB7353047315}"
EndProject
Project("{2150E333-8FDC-42A3-9474-1A3956D46DE8}") = "Solution Items", "Solution Items", "{FCD40B66-2EF0-4B38-B769-706DD18085BB}"
	ProjectSection(SolutionItems) = preProject
		..\Terraform\main.tf = ..\Terraform\main.tf
	EndProjectSection
EndProject
Global
	GlobalSection(SolutionConfigurationPlatforms) = preSolution
		Debug|Any CPU = Debug|Any CPU
		Release|Any CPU = Release|Any CPU
	EndGlobalSection
	GlobalSection(ProjectConfigurationPlatforms) = postSolution
		{D3981C73-CD63-4761-9ECE-42094B0C6890}.Debug|Any CPU.ActiveCfg = Debug|Any CPU
		{D3981C73-CD63-4761-9ECE-42094B0C6890}.Debug|Any CPU.Build.0 = Debug|Any CPU
		{D3981C73-CD63-4761-9ECE-42094B0C6890}.Release|Any CPU.ActiveCfg = Release|Any CPU
		{D3981C73-CD63-4761-9ECE-42094B0C6890}.Release|Any CPU.Build.0 = Release|Any CPU
		{40B7C162-1081-4E13-A264-E4E5438DB10A}.Debug|Any CPU.ActiveCfg = Debug|Any CPU
		{40B7C162-1081-4E13-A264-E4E5438DB10A}.Debug|Any CPU.Build.0 = Debug|Any CPU
		{40B7C162-1081-4E13-A264-E4E5438DB10A}.Release|Any CPU.ActiveCfg = Release|Any CPU
		{40B7C162-1081-4E13-A264-E4E5438DB10A}.Release|Any CPU.Build.0 = Release|Any CPU
		{B22DE2A8-9039-4181-A939-DB7353047315}.Debug|Any CPU.ActiveCfg = Debug|Any CPU
		{B22DE2A8-9039-4181-A939-DB7353047315}.Debug|Any CPU.Build.0 = Debug|Any CPU
		{B22DE2A8-9039-4181-A939-DB7353047315}.Release|Any CPU.ActiveCfg = Release|Any CPU
		{B22DE2A8-9039-4181-A939-DB7353047315}.Release|Any CPU.Build.0 = Release|Any CPU
	EndGlobalSection
	GlobalSection(SolutionProperties) = preSolution
		HideSolutionNode = FALSE
	EndGlobalSection
	GlobalSection(ExtensibilityGlobals) = postSolution
		SolutionGuid = {44EB50E0-819C-4285-8D95-74BD11931058}
	EndGlobalSection
EndGlobal
